
Microsoft Visual Studio Solution File, Format Version 12.00
# Visual Studio 15
VisualStudioVersion = 15.0.28307.1259
MinimumVisualStudioVersion = 10.0.40219.1
Project("{FAE04EC0-301F-11D3-BF4B-00C04F79EFBC}") = "AlloyDemoEpiCert", "AlloyDemoEpiCert\AlloyDemoEpiCert.csproj", "{BA18AAF3-AB7D-4700-B333-CF0A6196E60F}"
EndProject
Project("{FAE04EC0-301F-11D3-BF4B-00C04F79EFBC}") = "AlloyTraining", "AlloyTraining\AlloyTraining.csproj", "{D536AA79-5082-4ECD-8C45-E8E53868BF0F}"
EndProject
Global
	GlobalSection(SolutionConfigurationPlatforms) = preSolution
		Debug|Any CPU = Debug|Any CPU
		Release|Any CPU = Release|Any CPU
	EndGlobalSection
	GlobalSection(ProjectConfigurationPlatforms) = postSolution
		{BA18AAF3-AB7D-4700-B333-CF0A6196E60F}.Debug|Any CPU.ActiveCfg = Debug|Any CPU
		{BA18AAF3-AB7D-4700-B333-CF0A6196E60F}.Debug|Any CPU.Build.0 = Debug|Any CPU
		{BA18AAF3-AB7D-4700-B333-CF0A6196E60F}.Release|Any CPU.ActiveCfg = Release|Any CPU
		{BA18AAF3-AB7D-4700-B333-CF0A6196E60F}.Release|Any CPU.Build.0 = Release|Any CPU
		{D536AA79-5082-4ECD-8C45-E8E53868BF0F}.Debug|Any CPU.ActiveCfg = Debug|Any CPU
		{D536AA79-5082-4ECD-8C45-E8E53868BF0F}.Debug|Any CPU.Build.0 = Debug|Any CPU
		{D536AA79-5082-4ECD-8C45-E8E53868BF0F}.Release|Any CPU.ActiveCfg = Release|Any CPU
		{D536AA79-5082-4ECD-8C45-E8E53868BF0F}.Release|Any CPU.Build.0 = Release|Any CPU
	EndGlobalSection
	GlobalSection(SolutionProperties) = preSolution
		HideSolutionNode = FALSE
	EndGlobalSection
	GlobalSection(ExtensibilityGlobals) = postSolution
		SolutionGuid = {0AE1A8E5-8734-4967-B284-19CD37332F72}
	EndGlobalSection
EndGlobal
